// !$*UTF8*$!
{
	archiveVersion = 1;
	classes = {
	};
	objectVersion = 46;
	objects = {

/* Begin PBXBuildFile section */
		C274363815371B06002B1372 /* gongwuyuan-INFO.png in Resources */ = {isa = PBXBuildFile; fileRef = C274363715371B06002B1372 /* gongwuyuan-INFO.png */; };
		C274364015371BC5002B1372 /* bailing-INFO.png in Resources */ = {isa = PBXBuildFile; fileRef = C274363915371BC5002B1372 /* bailing-INFO.png */; };
		C274364115371BC5002B1372 /* bailing.png in Resources */ = {isa = PBXBuildFile; fileRef = C274363A15371BC5002B1372 /* bailing.png */; };
		C274364215371BC5002B1372 /* chuangyezhe-INFO.png in Resources */ = {isa = PBXBuildFile; fileRef = C274363B15371BC5002B1372 /* chuangyezhe-INFO.png */; };
		C274364315371BC5002B1372 /* chuangyezhe.png in Resources */ = {isa = PBXBuildFile; fileRef = C274363C15371BC5002B1372 /* chuangyezhe.png */; };
		C274364415371BC5002B1372 /* gongwuyuan.png in Resources */ = {isa = PBXBuildFile; fileRef = C274363D15371BC5002B1372 /* gongwuyuan.png */; };
		C274364515371BC5002B1372 /* jiaoshi-INFO.png in Resources */ = {isa = PBXBuildFile; fileRef = C274363E15371BC5002B1372 /* jiaoshi-INFO.png */; };
		C274364615371BC5002B1372 /* jiaoshi.png in Resources */ = {isa = PBXBuildFile; fileRef = C274363F15371BC5002B1372 /* jiaoshi.png */; };
		C274364915372244002B1372 /* feature-detail-frame-close.png in Resources */ = {isa = PBXBuildFile; fileRef = C274364715372244002B1372 /* feature-detail-frame-close.png */; };
		C274364A15372244002B1372 /* feature-detail-frame.png in Resources */ = {isa = PBXBuildFile; fileRef = C274364815372244002B1372 /* feature-detail-frame.png */; };
		C274365115373A08002B1372 /* calculator.html in Resources */ = {isa = PBXBuildFile; fileRef = C274364C15373A08002B1372 /* calculator.html */; };
		C274365215373A08002B1372 /* config.html in Resources */ = {isa = PBXBuildFile; fileRef = C274364D15373A08002B1372 /* config.html */; };
		C274365315373A08002B1372 /* jquery-1.6.4.min.jss in Resources */ = {isa = PBXBuildFile; fileRef = C274364E15373A08002B1372 /* jquery-1.6.4.min.jss */; };
		C274365415373A08002B1372 /* script.jss in Resources */ = {isa = PBXBuildFile; fileRef = C274364F15373A08002B1372 /* script.jss */; };
		C274365515373A08002B1372 /* style.css in Resources */ = {isa = PBXBuildFile; fileRef = C274365015373A08002B1372 /* style.css */; };
		C274365815373AC8002B1372 /* CalculatorViewController.m in Sources */ = {isa = PBXBuildFile; fileRef = C274365715373AC8002B1372 /* CalculatorViewController.m */; };
		C274365B15373E0F002B1372 /* MaintenanceViewController.m in Sources */ = {isa = PBXBuildFile; fileRef = C274365A15373E0F002B1372 /* MaintenanceViewController.m */; };
		C276DAA81533DD49003E9CDC /* MenuBar.m in Sources */ = {isa = PBXBuildFile; fileRef = C276DAA71533DD49003E9CDC /* MenuBar.m */; };
		C276DAAC1533E154003E9CDC /* MenuBarViewController.m in Sources */ = {isa = PBXBuildFile; fileRef = C276DAAB1533E154003E9CDC /* MenuBarViewController.m */; };
		C27D99501535181D006305E0 /* BackgroundViewController.m in Sources */ = {isa = PBXBuildFile; fileRef = C27D994F1535181D006305E0 /* BackgroundViewController.m */; };
		C27F58761536CAAB00DC14C7 /* category-button-arrow-down.png in Resources */ = {isa = PBXBuildFile; fileRef = C27F586E1536CAAB00DC14C7 /* category-button-arrow-down.png */; };
		C27F58771536CAAB00DC14C7 /* category-button-arrow-right.png in Resources */ = {isa = PBXBuildFile; fileRef = C27F586F1536CAAB00DC14C7 /* category-button-arrow-right.png */; };
		C27F58781536CAAB00DC14C7 /* category-button-bg.png in Resources */ = {isa = PBXBuildFile; fileRef = C27F58701536CAAB00DC14C7 /* category-button-bg.png */; };
		C27F58791536CAAB00DC14C7 /* category-tree-bg.png in Resources */ = {isa = PBXBuildFile; fileRef = C27F58711536CAAB00DC14C7 /* category-tree-bg.png */; };
		C27F587A1536CAAB00DC14C7 /* category-tree-fork.png in Resources */ = {isa = PBXBuildFile; fileRef = C27F58721536CAAB00DC14C7 /* category-tree-fork.png */; };
		C27F587B1536CAAB00DC14C7 /* close-button.png in Resources */ = {isa = PBXBuildFile; fileRef = C27F58731536CAAB00DC14C7 /* close-button.png */; };
		C27F587C1536CAAB00DC14C7 /* detail-panel.png in Resources */ = {isa = PBXBuildFile; fileRef = C27F58741536CAAB00DC14C7 /* detail-panel.png */; };
		C27F587D1536CAAB00DC14C7 /* return-button.png in Resources */ = {isa = PBXBuildFile; fileRef = C27F58751536CAAB00DC14C7 /* return-button.png */; };
		C27F58A81536E9B700DC14C7 /* close-cross-button.png in Resources */ = {isa = PBXBuildFile; fileRef = C27F58A71536E9B700DC14C7 /* close-cross-button.png */; };
		C2885145153569DF0010D936 /* bg.jpg in Resources */ = {isa = PBXBuildFile; fileRef = C2885144153569DF0010D936 /* bg.jpg */; };
		C288515815356A1F0010D936 /* menu-bar-item-bg.png in Resources */ = {isa = PBXBuildFile; fileRef = C288514715356A1F0010D936 /* menu-bar-item-bg.png */; };
		C288515915356A1F0010D936 /* tab-icon-calculator-selected.png in Resources */ = {isa = PBXBuildFile; fileRef = C288514815356A1F0010D936 /* tab-icon-calculator-selected.png */; };
		C288515A15356A1F0010D936 /* tab-icon-calculator.png in Resources */ = {isa = PBXBuildFile; fileRef = C288514915356A1F0010D936 /* tab-icon-calculator.png */; };
		C288515B15356A1F0010D936 /* tab-icon-champion-selected.png in Resources */ = {isa = PBXBuildFile; fileRef = C288514A15356A1F0010D936 /* tab-icon-champion-selected.png */; };
		C288515C15356A1F0010D936 /* tab-icon-champion.png in Resources */ = {isa = PBXBuildFile; fileRef = C288514B15356A1F0010D936 /* tab-icon-champion.png */; };
		C288515D15356A1F0010D936 /* tab-icon-custom-selected.png in Resources */ = {isa = PBXBuildFile; fileRef = C288514C15356A1F0010D936 /* tab-icon-custom-selected.png */; };
		C288515E15356A1F0010D936 /* tab-icon-custom.png in Resources */ = {isa = PBXBuildFile; fileRef = C288514D15356A1F0010D936 /* tab-icon-custom.png */; };
		C288515F15356A1F0010D936 /* tab-icon-experience-selected.png in Resources */ = {isa = PBXBuildFile; fileRef = C288514E15356A1F0010D936 /* tab-icon-experience-selected.png */; };
		C288516015356A1F0010D936 /* tab-icon-experience.png in Resources */ = {isa = PBXBuildFile; fileRef = C288514F15356A1F0010D936 /* tab-icon-experience.png */; };
		C288516115356A1F0010D936 /* tab-icon-intro-selected.png in Resources */ = {isa = PBXBuildFile; fileRef = C288515015356A1F0010D936 /* tab-icon-intro-selected.png */; };
		C288516215356A1F0010D936 /* tab-icon-intro.png in Resources */ = {isa = PBXBuildFile; fileRef = C288515115356A1F0010D936 /* tab-icon-intro.png */; };
		C288516315356A1F0010D936 /* tab-icon-maintain-selected.png in Resources */ = {isa = PBXBuildFile; fileRef = C288515215356A1F0010D936 /* tab-icon-maintain-selected.png */; };
		C288516415356A1F0010D936 /* tab-icon-maintain.png in Resources */ = {isa = PBXBuildFile; fileRef = C288515315356A1F0010D936 /* tab-icon-maintain.png */; };
		C288516515356A1F0010D936 /* tab-icon-pk-selected.png in Resources */ = {isa = PBXBuildFile; fileRef = C288515415356A1F0010D936 /* tab-icon-pk-selected.png */; };
		C288516615356A1F0010D936 /* tab-icon-pk.png in Resources */ = {isa = PBXBuildFile; fileRef = C288515515356A1F0010D936 /* tab-icon-pk.png */; };
		C288516715356A1F0010D936 /* tab-icon-promo-selected.png in Resources */ = {isa = PBXBuildFile; fileRef = C288515615356A1F0010D936 /* tab-icon-promo-selected.png */; };
		C288516815356A1F0010D936 /* tab-icon-promo.png in Resources */ = {isa = PBXBuildFile; fileRef = C288515715356A1F0010D936 /* tab-icon-promo.png */; };
		C288516B153571A80010D936 /* BrandHistoryViewController.m in Sources */ = {isa = PBXBuildFile; fileRef = C288516A153571A80010D936 /* BrandHistoryViewController.m */; };
		C288516D1535732D0010D936 /* bg-brand-history.png in Resources */ = {isa = PBXBuildFile; fileRef = C288516C1535732D0010D936 /* bg-brand-history.png */; };
		C28851701535740B0010D936 /* UserGroupViewController.m in Sources */ = {isa = PBXBuildFile; fileRef = C288516F1535740B0010D936 /* UserGroupViewController.m */; };
		C2885173153574400010D936 /* ProductAdvantageViewController.m in Sources */ = {isa = PBXBuildFile; fileRef = C2885172153574400010D936 /* ProductAdvantageViewController.m */; };
		C288517A153576F10010D936 /* product-navigate-bg.png in Resources */ = {isa = PBXBuildFile; fileRef = C2885175153576F10010D936 /* product-navigate-bg.png */; };
		C288517B153576F10010D936 /* product-navigate-button-control.png in Resources */ = {isa = PBXBuildFile; fileRef = C2885176153576F10010D936 /* product-navigate-button-control.png */; };
		C288517C153576F10010D936 /* product-navigate-button-manifest.png in Resources */ = {isa = PBXBuildFile; fileRef = C2885177153576F10010D936 /* product-navigate-button-manifest.png */; };
		C288517D153576F10010D936 /* product-navigate-button-quality.png in Resources */ = {isa = PBXBuildFile; fileRef = C2885178153576F10010D936 /* product-navigate-button-quality.png */; };
		C288517E153576F10010D936 /* product-navigate-button-safety.png in Resources */ = {isa = PBXBuildFile; fileRef = C2885179153576F10010D936 /* product-navigate-button-safety.png */; };
		C29E97291537DAFB007BDDDB /* champion-road.png in Resources */ = {isa = PBXBuildFile; fileRef = C29E97281537DAFB007BDDDB /* champion-road.png */; };
		C29E972C1537DB38007BDDDB /* ChampionRoadViewController.m in Sources */ = {isa = PBXBuildFile; fileRef = C29E972B1537DB38007BDDDB /* ChampionRoadViewController.m */; };
		C29E972F1537DC92007BDDDB /* StarDriverViewController.m in Sources */ = {isa = PBXBuildFile; fileRef = C29E972E1537DC92007BDDDB /* StarDriverViewController.m */; };
		C29E97351537DF57007BDDDB /* star-driver-1.png in Resources */ = {isa = PBXBuildFile; fileRef = C29E97301537DF57007BDDDB /* star-driver-1.png */; };
		C29E97361537DF57007BDDDB /* star-driver-2.png in Resources */ = {isa = PBXBuildFile; fileRef = C29E97311537DF57007BDDDB /* star-driver-2.png */; };
		C29E97371537DF57007BDDDB /* star-driver-3.png in Resources */ = {isa = PBXBuildFile; fileRef = C29E97321537DF57007BDDDB /* star-driver-3.png */; };
		C29E97381537DF57007BDDDB /* star-driver-4.png in Resources */ = {isa = PBXBuildFile; fileRef = C29E97331537DF57007BDDDB /* star-driver-4.png */; };
		C29E97391537DF57007BDDDB /* star-driver-bg.png in Resources */ = {isa = PBXBuildFile; fileRef = C29E97341537DF57007BDDDB /* star-driver-bg.png */; };
		C29E973B153809F0007BDDDB /* price-table-bg.png in Resources */ = {isa = PBXBuildFile; fileRef = C29E973A153809F0007BDDDB /* price-table-bg.png */; };
		C29E973D15380C7C007BDDDB /* price-table-content.png in Resources */ = {isa = PBXBuildFile; fileRef = C29E973C15380C7C007BDDDB /* price-table-content.png */; };
		C2B66CF21535CCF6006D5E88 /* TreeMenu.m in Sources */ = {isa = PBXBuildFile; fileRef = C2B66CF11535CCF6006D5E88 /* TreeMenu.m */; };
		C2B66CF51535CE1D006D5E88 /* Features.plist in Resources */ = {isa = PBXBuildFile; fileRef = C2B66CF41535CE1D006D5E88 /* Features.plist */; };
		C2B66CF91535D7B1006D5E88 /* DataController.m in Sources */ = {isa = PBXBuildFile; fileRef = C2B66CF81535D7B1006D5E88 /* DataController.m */; };
		C2B66CFC1535D8BC006D5E88 /* ProductFeature.m in Sources */ = {isa = PBXBuildFile; fileRef = C2B66CFB1535D8BC006D5E88 /* ProductFeature.m */; };
		C2B66CFF1535DD33006D5E88 /* ProductFeatureCategory.m in Sources */ = {isa = PBXBuildFile; fileRef = C2B66CFE1535DD33006D5E88 /* ProductFeatureCategory.m */; };
		C2B66D021535DD5B006D5E88 /* ProductFeatureItem.m in Sources */ = {isa = PBXBuildFile; fileRef = C2B66D011535DD5B006D5E88 /* ProductFeatureItem.m */; };
		C2B66D051535DED1006D5E88 /* DataUtil.m in Sources */ = {isa = PBXBuildFile; fileRef = C2B66D041535DED1006D5E88 /* DataUtil.m */; };
		C2F7EC401533B40200926313 /* IntroductionViewController.m in Sources */ = {isa = PBXBuildFile; fileRef = C2F7EC3F1533B40200926313 /* IntroductionViewController.m */; };
		C2F7EC441533B53D00926313 /* ChampionViewController.m in Sources */ = {isa = PBXBuildFile; fileRef = C2F7EC431533B53D00926313 /* ChampionViewController.m */; };
		C2FF06BB1532F0F800BD97EE /* UIKit.framework in Frameworks */ = {isa = PBXBuildFile; fileRef = C2FF06BA1532F0F800BD97EE /* UIKit.framework */; };
		C2FF06BD1532F0F800BD97EE /* Foundation.framework in Frameworks */ = {isa = PBXBuildFile; fileRef = C2FF06BC1532F0F800BD97EE /* Foundation.framework */; };
		C2FF06BF1532F0F800BD97EE /* CoreGraphics.framework in Frameworks */ = {isa = PBXBuildFile; fileRef = C2FF06BE1532F0F800BD97EE /* CoreGraphics.framework */; };
		C2FF06C51532F0F800BD97EE /* InfoPlist.strings in Resources */ = {isa = PBXBuildFile; fileRef = C2FF06C31532F0F800BD97EE /* InfoPlist.strings */; };
		C2FF06C71532F0F800BD97EE /* main.m in Sources */ = {isa = PBXBuildFile; fileRef = C2FF06C61532F0F800BD97EE /* main.m */; };
		C2FF06CB1532F0F800BD97EE /* AppDelegate.m in Sources */ = {isa = PBXBuildFile; fileRef = C2FF06CA1532F0F800BD97EE /* AppDelegate.m */; };
		C2FF06E515330D3B00BD97EE /* CustomTabBar.m in Sources */ = {isa = PBXBuildFile; fileRef = C2FF06E415330D3B00BD97EE /* CustomTabBar.m */; };
		C2FF06E81533150700BD97EE /* CustomTabBarViewController.m in Sources */ = {isa = PBXBuildFile; fileRef = C2FF06E71533150700BD97EE /* CustomTabBarViewController.m */; };
/* End PBXBuildFile section */

/* Begin PBXFileReference section */
		C274363715371B06002B1372 /* gongwuyuan-INFO.png */ = {isa = PBXFileReference; lastKnownFileType = image.png; path = "gongwuyuan-INFO.png"; sourceTree = "<group>"; };
		C274363915371BC5002B1372 /* bailing-INFO.png */ = {isa = PBXFileReference; lastKnownFileType = image.png; path = "bailing-INFO.png"; sourceTree = "<group>"; };
		C274363A15371BC5002B1372 /* bailing.png */ = {isa = PBXFileReference; lastKnownFileType = image.png; path = bailing.png; sourceTree = "<group>"; };
		C274363B15371BC5002B1372 /* chuangyezhe-INFO.png */ = {isa = PBXFileReference; lastKnownFileType = image.png; path = "chuangyezhe-INFO.png"; sourceTree = "<group>"; };
		C274363C15371BC5002B1372 /* chuangyezhe.png */ = {isa = PBXFileReference; lastKnownFileType = image.png; path = chuangyezhe.png; sourceTree = "<group>"; };
		C274363D15371BC5002B1372 /* gongwuyuan.png */ = {isa = PBXFileReference; lastKnownFileType = image.png; path = gongwuyuan.png; sourceTree = "<group>"; };
		C274363E15371BC5002B1372 /* jiaoshi-INFO.png */ = {isa = PBXFileReference; lastKnownFileType = image.png; path = "jiaoshi-INFO.png"; sourceTree = "<group>"; };
		C274363F15371BC5002B1372 /* jiaoshi.png */ = {isa = PBXFileReference; lastKnownFileType = image.png; path = jiaoshi.png; sourceTree = "<group>"; };
		C274364715372244002B1372 /* feature-detail-frame-close.png */ = {isa = PBXFileReference; lastKnownFileType = image.png; path = "feature-detail-frame-close.png"; sourceTree = "<group>"; };
		C274364815372244002B1372 /* feature-detail-frame.png */ = {isa = PBXFileReference; lastKnownFileType = image.png; path = "feature-detail-frame.png"; sourceTree = "<group>"; };
		C274364C15373A08002B1372 /* calculator.html */ = {isa = PBXFileReference; fileEncoding = 4; lastKnownFileType = text.html; path = calculator.html; sourceTree = "<group>"; };
		C274364D15373A08002B1372 /* config.html */ = {isa = PBXFileReference; fileEncoding = 4; lastKnownFileType = text.html; path = config.html; sourceTree = "<group>"; };
		C274364E15373A08002B1372 /* jquery-1.6.4.min.jss */ = {isa = PBXFileReference; fileEncoding = 4; lastKnownFileType = text; path = "jquery-1.6.4.min.jss"; sourceTree = "<group>"; };
		C274364F15373A08002B1372 /* script.jss */ = {isa = PBXFileReference; fileEncoding = 4; lastKnownFileType = text; path = script.jss; sourceTree = "<group>"; };
		C274365015373A08002B1372 /* style.css */ = {isa = PBXFileReference; fileEncoding = 4; lastKnownFileType = text.css; path = style.css; sourceTree = "<group>"; };
		C274365615373AC8002B1372 /* CalculatorViewController.h */ = {isa = PBXFileReference; fileEncoding = 4; lastKnownFileType = sourcecode.c.h; path = CalculatorViewController.h; sourceTree = "<group>"; };
		C274365715373AC8002B1372 /* CalculatorViewController.m */ = {isa = PBXFileReference; fileEncoding = 4; lastKnownFileType = sourcecode.c.objc; path = CalculatorViewController.m; sourceTree = "<group>"; };
		C274365915373E0F002B1372 /* MaintenanceViewController.h */ = {isa = PBXFileReference; fileEncoding = 4; lastKnownFileType = sourcecode.c.h; path = MaintenanceViewController.h; sourceTree = "<group>"; };
		C274365A15373E0F002B1372 /* MaintenanceViewController.m */ = {isa = PBXFileReference; fileEncoding = 4; lastKnownFileType = sourcecode.c.objc; path = MaintenanceViewController.m; sourceTree = "<group>"; };
		C276DAA61533DD49003E9CDC /* MenuBar.h */ = {isa = PBXFileReference; fileEncoding = 4; lastKnownFileType = sourcecode.c.h; path = MenuBar.h; sourceTree = "<group>"; };
		C276DAA71533DD49003E9CDC /* MenuBar.m */ = {isa = PBXFileReference; fileEncoding = 4; lastKnownFileType = sourcecode.c.objc; path = MenuBar.m; sourceTree = "<group>"; };
		C276DAAA1533E154003E9CDC /* MenuBarViewController.h */ = {isa = PBXFileReference; fileEncoding = 4; lastKnownFileType = sourcecode.c.h; path = MenuBarViewController.h; sourceTree = "<group>"; };
		C276DAAB1533E154003E9CDC /* MenuBarViewController.m */ = {isa = PBXFileReference; fileEncoding = 4; lastKnownFileType = sourcecode.c.objc; path = MenuBarViewController.m; sourceTree = "<group>"; };
		C27D994E1535181D006305E0 /* BackgroundViewController.h */ = {isa = PBXFileReference; fileEncoding = 4; lastKnownFileType = sourcecode.c.h; path = BackgroundViewController.h; sourceTree = "<group>"; };
		C27D994F1535181D006305E0 /* BackgroundViewController.m */ = {isa = PBXFileReference; fileEncoding = 4; lastKnownFileType = sourcecode.c.objc; path = BackgroundViewController.m; sourceTree = "<group>"; };
		C27F586E1536CAAB00DC14C7 /* category-button-arrow-down.png */ = {isa = PBXFileReference; lastKnownFileType = image.png; path = "category-button-arrow-down.png"; sourceTree = "<group>"; };
		C27F586F1536CAAB00DC14C7 /* category-button-arrow-right.png */ = {isa = PBXFileReference; lastKnownFileType = image.png; path = "category-button-arrow-right.png"; sourceTree = "<group>"; };
		C27F58701536CAAB00DC14C7 /* category-button-bg.png */ = {isa = PBXFileReference; lastKnownFileType = image.png; path = "category-button-bg.png"; sourceTree = "<group>"; };
		C27F58711536CAAB00DC14C7 /* category-tree-bg.png */ = {isa = PBXFileReference; lastKnownFileType = image.png; path = "category-tree-bg.png"; sourceTree = "<group>"; };
		C27F58721536CAAB00DC14C7 /* category-tree-fork.png */ = {isa = PBXFileReference; lastKnownFileType = image.png; path = "category-tree-fork.png"; sourceTree = "<group>"; };
		C27F58731536CAAB00DC14C7 /* close-button.png */ = {isa = PBXFileReference; lastKnownFileType = image.png; path = "close-button.png"; sourceTree = "<group>"; };
		C27F58741536CAAB00DC14C7 /* detail-panel.png */ = {isa = PBXFileReference; lastKnownFileType = image.png; path = "detail-panel.png"; sourceTree = "<group>"; };
		C27F58751536CAAB00DC14C7 /* return-button.png */ = {isa = PBXFileReference; lastKnownFileType = image.png; path = "return-button.png"; sourceTree = "<group>"; };
		C27F58A71536E9B700DC14C7 /* close-cross-button.png */ = {isa = PBXFileReference; lastKnownFileType = image.png; path = "close-cross-button.png"; sourceTree = "<group>"; };
		C2885144153569DF0010D936 /* bg.jpg */ = {isa = PBXFileReference; lastKnownFileType = image.jpeg; path = bg.jpg; sourceTree = "<group>"; };
		C288514715356A1F0010D936 /* menu-bar-item-bg.png */ = {isa = PBXFileReference; lastKnownFileType = image.png; path = "menu-bar-item-bg.png"; sourceTree = "<group>"; };
		C288514815356A1F0010D936 /* tab-icon-calculator-selected.png */ = {isa = PBXFileReference; lastKnownFileType = image.png; path = "tab-icon-calculator-selected.png"; sourceTree = "<group>"; };
		C288514915356A1F0010D936 /* tab-icon-calculator.png */ = {isa = PBXFileReference; lastKnownFileType = image.png; path = "tab-icon-calculator.png"; sourceTree = "<group>"; };
		C288514A15356A1F0010D936 /* tab-icon-champion-selected.png */ = {isa = PBXFileReference; lastKnownFileType = image.png; path = "tab-icon-champion-selected.png"; sourceTree = "<group>"; };
		C288514B15356A1F0010D936 /* tab-icon-champion.png */ = {isa = PBXFileReference; lastKnownFileType = image.png; path = "tab-icon-champion.png"; sourceTree = "<group>"; };
		C288514C15356A1F0010D936 /* tab-icon-custom-selected.png */ = {isa = PBXFileReference; lastKnownFileType = image.png; path = "tab-icon-custom-selected.png"; sourceTree = "<group>"; };
		C288514D15356A1F0010D936 /* tab-icon-custom.png */ = {isa = PBXFileReference; lastKnownFileType = image.png; path = "tab-icon-custom.png"; sourceTree = "<group>"; };
		C288514E15356A1F0010D936 /* tab-icon-experience-selected.png */ = {isa = PBXFileReference; lastKnownFileType = image.png; path = "tab-icon-experience-selected.png"; sourceTree = "<group>"; };
		C288514F15356A1F0010D936 /* tab-icon-experience.png */ = {isa = PBXFileReference; lastKnownFileType = image.png; path = "tab-icon-experience.png"; sourceTree = "<group>"; };
		C288515015356A1F0010D936 /* tab-icon-intro-selected.png */ = {isa = PBXFileReference; lastKnownFileType = image.png; path = "tab-icon-intro-selected.png"; sourceTree = "<group>"; };
		C288515115356A1F0010D936 /* tab-icon-intro.png */ = {isa = PBXFileReference; lastKnownFileType = image.png; path = "tab-icon-intro.png"; sourceTree = "<group>"; };
		C288515215356A1F0010D936 /* tab-icon-maintain-selected.png */ = {isa = PBXFileReference; lastKnownFileType = image.png; path = "tab-icon-maintain-selected.png"; sourceTree = "<group>"; };
		C288515315356A1F0010D936 /* tab-icon-maintain.png */ = {isa = PBXFileReference; lastKnownFileType = image.png; path = "tab-icon-maintain.png"; sourceTree = "<group>"; };
		C288515415356A1F0010D936 /* tab-icon-pk-selected.png */ = {isa = PBXFileReference; lastKnownFileType = image.png; path = "tab-icon-pk-selected.png"; sourceTree = "<group>"; };
		C288515515356A1F0010D936 /* tab-icon-pk.png */ = {isa = PBXFileReference; lastKnownFileType = image.png; path = "tab-icon-pk.png"; sourceTree = "<group>"; };
		C288515615356A1F0010D936 /* tab-icon-promo-selected.png */ = {isa = PBXFileReference; lastKnownFileType = image.png; path = "tab-icon-promo-selected.png"; sourceTree = "<group>"; };
		C288515715356A1F0010D936 /* tab-icon-promo.png */ = {isa = PBXFileReference; lastKnownFileType = image.png; path = "tab-icon-promo.png"; sourceTree = "<group>"; };
		C2885169153571A80010D936 /* BrandHistoryViewController.h */ = {isa = PBXFileReference; fileEncoding = 4; lastKnownFileType = sourcecode.c.h; path = BrandHistoryViewController.h; sourceTree = "<group>"; };
		C288516A153571A80010D936 /* BrandHistoryViewController.m */ = {isa = PBXFileReference; fileEncoding = 4; lastKnownFileType = sourcecode.c.objc; path = BrandHistoryViewController.m; sourceTree = "<group>"; };
		C288516C1535732D0010D936 /* bg-brand-history.png */ = {isa = PBXFileReference; lastKnownFileType = image.png; path = "bg-brand-history.png"; sourceTree = "<group>"; };
		C288516E1535740B0010D936 /* UserGroupViewController.h */ = {isa = PBXFileReference; fileEncoding = 4; lastKnownFileType = sourcecode.c.h; path = UserGroupViewController.h; sourceTree = "<group>"; };
		C288516F1535740B0010D936 /* UserGroupViewController.m */ = {isa = PBXFileReference; fileEncoding = 4; lastKnownFileType = sourcecode.c.objc; path = UserGroupViewController.m; sourceTree = "<group>"; };
		C28851711535743F0010D936 /* ProductAdvantageViewController.h */ = {isa = PBXFileReference; fileEncoding = 4; lastKnownFileType = sourcecode.c.h; path = ProductAdvantageViewController.h; sourceTree = "<group>"; };
		C2885172153574400010D936 /* ProductAdvantageViewController.m */ = {isa = PBXFileReference; fileEncoding = 4; lastKnownFileType = sourcecode.c.objc; path = ProductAdvantageViewController.m; sourceTree = "<group>"; };
		C2885175153576F10010D936 /* product-navigate-bg.png */ = {isa = PBXFileReference; lastKnownFileType = image.png; path = "product-navigate-bg.png"; sourceTree = "<group>"; };
		C2885176153576F10010D936 /* product-navigate-button-control.png */ = {isa = PBXFileReference; lastKnownFileType = image.png; path = "product-navigate-button-control.png"; sourceTree = "<group>"; };
		C2885177153576F10010D936 /* product-navigate-button-manifest.png */ = {isa = PBXFileReference; lastKnownFileType = image.png; path = "product-navigate-button-manifest.png"; sourceTree = "<group>"; };
		C2885178153576F10010D936 /* product-navigate-button-quality.png */ = {isa = PBXFileReference; lastKnownFileType = image.png; path = "product-navigate-button-quality.png"; sourceTree = "<group>"; };
		C2885179153576F10010D936 /* product-navigate-button-safety.png */ = {isa = PBXFileReference; lastKnownFileType = image.png; path = "product-navigate-button-safety.png"; sourceTree = "<group>"; };
		C29E97281537DAFB007BDDDB /* champion-road.png */ = {isa = PBXFileReference; lastKnownFileType = image.png; path = "champion-road.png"; sourceTree = "<group>"; };
		C29E972A1537DB38007BDDDB /* ChampionRoadViewController.h */ = {isa = PBXFileReference; fileEncoding = 4; lastKnownFileType = sourcecode.c.h; path = ChampionRoadViewController.h; sourceTree = "<group>"; };
		C29E972B1537DB38007BDDDB /* ChampionRoadViewController.m */ = {isa = PBXFileReference; fileEncoding = 4; lastKnownFileType = sourcecode.c.objc; path = ChampionRoadViewController.m; sourceTree = "<group>"; };
		C29E972D1537DC92007BDDDB /* StarDriverViewController.h */ = {isa = PBXFileReference; fileEncoding = 4; lastKnownFileType = sourcecode.c.h; path = StarDriverViewController.h; sourceTree = "<group>"; };
		C29E972E1537DC92007BDDDB /* StarDriverViewController.m */ = {isa = PBXFileReference; fileEncoding = 4; lastKnownFileType = sourcecode.c.objc; path = StarDriverViewController.m; sourceTree = "<group>"; };
		C29E97301537DF57007BDDDB /* star-driver-1.png */ = {isa = PBXFileReference; lastKnownFileType = image.png; path = "star-driver-1.png"; sourceTree = "<group>"; };
		C29E97311537DF57007BDDDB /* star-driver-2.png */ = {isa = PBXFileReference; lastKnownFileType = image.png; path = "star-driver-2.png"; sourceTree = "<group>"; };
		C29E97321537DF57007BDDDB /* star-driver-3.png */ = {isa = PBXFileReference; lastKnownFileType = image.png; path = "star-driver-3.png"; sourceTree = "<group>"; };
		C29E97331537DF57007BDDDB /* star-driver-4.png */ = {isa = PBXFileReference; lastKnownFileType = image.png; path = "star-driver-4.png"; sourceTree = "<group>"; };
		C29E97341537DF57007BDDDB /* star-driver-bg.png */ = {isa = PBXFileReference; lastKnownFileType = image.png; path = "star-driver-bg.png"; sourceTree = "<group>"; };
		C29E973A153809F0007BDDDB /* price-table-bg.png */ = {isa = PBXFileReference; lastKnownFileType = image.png; path = "price-table-bg.png"; sourceTree = "<group>"; };
		C29E973C15380C7C007BDDDB /* price-table-content.png */ = {isa = PBXFileReference; lastKnownFileType = image.png; path = "price-table-content.png"; sourceTree = "<group>"; };
		C2B66CF01535CCF6006D5E88 /* TreeMenu.h */ = {isa = PBXFileReference; fileEncoding = 4; lastKnownFileType = sourcecode.c.h; path = TreeMenu.h; sourceTree = "<group>"; };
		C2B66CF11535CCF6006D5E88 /* TreeMenu.m */ = {isa = PBXFileReference; fileEncoding = 4; lastKnownFileType = sourcecode.c.objc; path = TreeMenu.m; sourceTree = "<group>"; };
		C2B66CF41535CE1D006D5E88 /* Features.plist */ = {isa = PBXFileReference; fileEncoding = 4; lastKnownFileType = text.plist.xml; path = Features.plist; sourceTree = "<group>"; };
		C2B66CF61535D6F2006D5E88 /* SynthesizeSingleton.h */ = {isa = PBXFileReference; fileEncoding = 4; lastKnownFileType = sourcecode.c.h; path = SynthesizeSingleton.h; sourceTree = "<group>"; };
		C2B66CF71535D7B1006D5E88 /* DataController.h */ = {isa = PBXFileReference; fileEncoding = 4; lastKnownFileType = sourcecode.c.h; path = DataController.h; sourceTree = "<group>"; };
		C2B66CF81535D7B1006D5E88 /* DataController.m */ = {isa = PBXFileReference; fileEncoding = 4; lastKnownFileType = sourcecode.c.objc; path = DataController.m; sourceTree = "<group>"; };
		C2B66CFA1535D8BC006D5E88 /* ProductFeature.h */ = {isa = PBXFileReference; fileEncoding = 4; lastKnownFileType = sourcecode.c.h; path = ProductFeature.h; sourceTree = "<group>"; };
		C2B66CFB1535D8BC006D5E88 /* ProductFeature.m */ = {isa = PBXFileReference; fileEncoding = 4; lastKnownFileType = sourcecode.c.objc; path = ProductFeature.m; sourceTree = "<group>"; };
		C2B66CFD1535DD33006D5E88 /* ProductFeatureCategory.h */ = {isa = PBXFileReference; fileEncoding = 4; lastKnownFileType = sourcecode.c.h; path = ProductFeatureCategory.h; sourceTree = "<group>"; };
		C2B66CFE1535DD33006D5E88 /* ProductFeatureCategory.m */ = {isa = PBXFileReference; fileEncoding = 4; lastKnownFileType = sourcecode.c.objc; path = ProductFeatureCategory.m; sourceTree = "<group>"; };
		C2B66D001535DD5B006D5E88 /* ProductFeatureItem.h */ = {isa = PBXFileReference; fileEncoding = 4; lastKnownFileType = sourcecode.c.h; path = ProductFeatureItem.h; sourceTree = "<group>"; };
		C2B66D011535DD5B006D5E88 /* ProductFeatureItem.m */ = {isa = PBXFileReference; fileEncoding = 4; lastKnownFileType = sourcecode.c.objc; path = ProductFeatureItem.m; sourceTree = "<group>"; };
		C2B66D031535DED1006D5E88 /* DataUtil.h */ = {isa = PBXFileReference; fileEncoding = 4; lastKnownFileType = sourcecode.c.h; path = DataUtil.h; sourceTree = "<group>"; };
		C2B66D041535DED1006D5E88 /* DataUtil.m */ = {isa = PBXFileReference; fileEncoding = 4; lastKnownFileType = sourcecode.c.objc; path = DataUtil.m; sourceTree = "<group>"; };
		C2F7EC3E1533B40200926313 /* IntroductionViewController.h */ = {isa = PBXFileReference; fileEncoding = 4; lastKnownFileType = sourcecode.c.h; path = IntroductionViewController.h; sourceTree = "<group>"; };
		C2F7EC3F1533B40200926313 /* IntroductionViewController.m */ = {isa = PBXFileReference; fileEncoding = 4; lastKnownFileType = sourcecode.c.objc; path = IntroductionViewController.m; sourceTree = "<group>"; };
		C2F7EC421533B53D00926313 /* ChampionViewController.h */ = {isa = PBXFileReference; fileEncoding = 4; lastKnownFileType = sourcecode.c.h; path = ChampionViewController.h; sourceTree = "<group>"; };
		C2F7EC431533B53D00926313 /* ChampionViewController.m */ = {isa = PBXFileReference; fileEncoding = 4; lastKnownFileType = sourcecode.c.objc; path = ChampionViewController.m; sourceTree = "<group>"; };
		C2FF06B61532F0F800BD97EE /* Haima.app */ = {isa = PBXFileReference; explicitFileType = wrapper.application; includeInIndex = 0; path = Haima.app; sourceTree = BUILT_PRODUCTS_DIR; };
		C2FF06BA1532F0F800BD97EE /* UIKit.framework */ = {isa = PBXFileReference; lastKnownFileType = wrapper.framework; name = UIKit.framework; path = System/Library/Frameworks/UIKit.framework; sourceTree = SDKROOT; };
		C2FF06BC1532F0F800BD97EE /* Foundation.framework */ = {isa = PBXFileReference; lastKnownFileType = wrapper.framework; name = Foundation.framework; path = System/Library/Frameworks/Foundation.framework; sourceTree = SDKROOT; };
		C2FF06BE1532F0F800BD97EE /* CoreGraphics.framework */ = {isa = PBXFileReference; lastKnownFileType = wrapper.framework; name = CoreGraphics.framework; path = System/Library/Frameworks/CoreGraphics.framework; sourceTree = SDKROOT; };
		C2FF06C21532F0F800BD97EE /* Haima-Info.plist */ = {isa = PBXFileReference; lastKnownFileType = text.plist.xml; path = "Haima-Info.plist"; sourceTree = "<group>"; };
		C2FF06C41532F0F800BD97EE /* en */ = {isa = PBXFileReference; lastKnownFileType = text.plist.strings; name = en; path = en.lproj/InfoPlist.strings; sourceTree = "<group>"; };
		C2FF06C61532F0F800BD97EE /* main.m */ = {isa = PBXFileReference; lastKnownFileType = sourcecode.c.objc; path = main.m; sourceTree = "<group>"; };
		C2FF06C81532F0F800BD97EE /* Haima-Prefix.pch */ = {isa = PBXFileReference; lastKnownFileType = sourcecode.c.h; path = "Haima-Prefix.pch"; sourceTree = "<group>"; };
		C2FF06C91532F0F800BD97EE /* AppDelegate.h */ = {isa = PBXFileReference; lastKnownFileType = sourcecode.c.h; path = AppDelegate.h; sourceTree = "<group>"; };
		C2FF06CA1532F0F800BD97EE /* AppDelegate.m */ = {isa = PBXFileReference; lastKnownFileType = sourcecode.c.objc; path = AppDelegate.m; sourceTree = "<group>"; };
		C2FF06E315330D3B00BD97EE /* CustomTabBar.h */ = {isa = PBXFileReference; fileEncoding = 4; lastKnownFileType = sourcecode.c.h; path = CustomTabBar.h; sourceTree = "<group>"; };
		C2FF06E415330D3B00BD97EE /* CustomTabBar.m */ = {isa = PBXFileReference; fileEncoding = 4; lastKnownFileType = sourcecode.c.objc; path = CustomTabBar.m; sourceTree = "<group>"; };
		C2FF06E61533150700BD97EE /* CustomTabBarViewController.h */ = {isa = PBXFileReference; fileEncoding = 4; lastKnownFileType = sourcecode.c.h; path = CustomTabBarViewController.h; sourceTree = "<group>"; };
		C2FF06E71533150700BD97EE /* CustomTabBarViewController.m */ = {isa = PBXFileReference; fileEncoding = 4; lastKnownFileType = sourcecode.c.objc; path = CustomTabBarViewController.m; sourceTree = "<group>"; };
		C2FF06FC1533221D00BD97EE /* Constants.h */ = {isa = PBXFileReference; fileEncoding = 4; lastKnownFileType = sourcecode.c.h; path = Constants.h; sourceTree = "<group>"; };
/* End PBXFileReference section */

/* Begin PBXFrameworksBuildPhase section */
		C2FF06B31532F0F800BD97EE /* Frameworks */ = {
			isa = PBXFrameworksBuildPhase;
			buildActionMask = 2147483647;
			files = (
				C2FF06BB1532F0F800BD97EE /* UIKit.framework in Frameworks */,
				C2FF06BD1532F0F800BD97EE /* Foundation.framework in Frameworks */,
				C2FF06BF1532F0F800BD97EE /* CoreGraphics.framework in Frameworks */,
			);
			runOnlyForDeploymentPostprocessing = 0;
		};
/* End PBXFrameworksBuildPhase section */

/* Begin PBXGroup section */
		C274364B15373A08002B1372 /* Html */ = {
			isa = PBXGroup;
			children = (
				C274364C15373A08002B1372 /* calculator.html */,
				C274364D15373A08002B1372 /* config.html */,
				C274364E15373A08002B1372 /* jquery-1.6.4.min.jss */,
				C274364F15373A08002B1372 /* script.jss */,
				C274365015373A08002B1372 /* style.css */,
			);
			path = Html;
			sourceTree = "<group>";
		};
		C27F586D1536CAAB00DC14C7 /* tree */ = {
			isa = PBXGroup;
			children = (
				C27F586E1536CAAB00DC14C7 /* category-button-arrow-down.png */,
				C27F586F1536CAAB00DC14C7 /* category-button-arrow-right.png */,
				C27F58701536CAAB00DC14C7 /* category-button-bg.png */,
				C27F58711536CAAB00DC14C7 /* category-tree-bg.png */,
				C27F58721536CAAB00DC14C7 /* category-tree-fork.png */,
				C27F58731536CAAB00DC14C7 /* close-button.png */,
				C27F58741536CAAB00DC14C7 /* detail-panel.png */,
				C27F58751536CAAB00DC14C7 /* return-button.png */,
				C274364715372244002B1372 /* feature-detail-frame-close.png */,
				C274364815372244002B1372 /* feature-detail-frame.png */,
			);
			path = tree;
			sourceTree = "<group>";
		};
		C27F587E1536CB6000DC14C7 /* user */ = {
			isa = PBXGroup;
			children = (
				C274363915371BC5002B1372 /* bailing-INFO.png */,
				C274363A15371BC5002B1372 /* bailing.png */,
				C274363B15371BC5002B1372 /* chuangyezhe-INFO.png */,
				C274363C15371BC5002B1372 /* chuangyezhe.png */,
				C274363715371B06002B1372 /* gongwuyuan-INFO.png */,
				C274363D15371BC5002B1372 /* gongwuyuan.png */,
				C274363E15371BC5002B1372 /* jiaoshi-INFO.png */,
				C274363F15371BC5002B1372 /* jiaoshi.png */,
				C27F58A71536E9B700DC14C7 /* close-cross-button.png */,
			);
			path = user;
			sourceTree = "<group>";
		};
		C2885174153576F10010D936 /* page */ = {
			isa = PBXGroup;
			children = (
				C27F586D1536CAAB00DC14C7 /* tree */,
				C27F587E1536CB6000DC14C7 /* user */,
				C29E97271537DAFB007BDDDB /* champion */,
				C2885175153576F10010D936 /* product-navigate-bg.png */,
				C2885176153576F10010D936 /* product-navigate-button-control.png */,
				C2885177153576F10010D936 /* product-navigate-button-manifest.png */,
				C2885178153576F10010D936 /* product-navigate-button-quality.png */,
				C2885179153576F10010D936 /* product-navigate-button-safety.png */,
				C29E973A153809F0007BDDDB /* price-table-bg.png */,
				C29E973C15380C7C007BDDDB /* price-table-content.png */,
			);
			path = page;
			sourceTree = "<group>";
		};
		C29E97271537DAFB007BDDDB /* champion */ = {
			isa = PBXGroup;
			children = (
				C29E97281537DAFB007BDDDB /* champion-road.png */,
				C29E97301537DF57007BDDDB /* star-driver-1.png */,
				C29E97311537DF57007BDDDB /* star-driver-2.png */,
				C29E97321537DF57007BDDDB /* star-driver-3.png */,
				C29E97331537DF57007BDDDB /* star-driver-4.png */,
				C29E97341537DF57007BDDDB /* star-driver-bg.png */,
			);
			path = champion;
			sourceTree = "<group>";
		};
		C2FF06AB1532F0F800BD97EE = {
			isa = PBXGroup;
			children = (
				C2FF06C01532F0F800BD97EE /* Haima */,
				C2FF06B91532F0F800BD97EE /* Frameworks */,
				C2FF06B71532F0F800BD97EE /* Products */,
			);
			sourceTree = "<group>";
		};
		C2FF06B71532F0F800BD97EE /* Products */ = {
			isa = PBXGroup;
			children = (
				C2FF06B61532F0F800BD97EE /* Haima.app */,
			);
			name = Products;
			sourceTree = "<group>";
		};
		C2FF06B91532F0F800BD97EE /* Frameworks */ = {
			isa = PBXGroup;
			children = (
				C2FF06BA1532F0F800BD97EE /* UIKit.framework */,
				C2FF06BC1532F0F800BD97EE /* Foundation.framework */,
				C2FF06BE1532F0F800BD97EE /* CoreGraphics.framework */,
			);
			name = Frameworks;
			sourceTree = "<group>";
		};
		C2FF06C01532F0F800BD97EE /* Haima */ = {
			isa = PBXGroup;
			children = (
				C2FF06DF15330D1200BD97EE /* Classes */,
				C2FF06E015330D1200BD97EE /* Controllers */,
				C274364B15373A08002B1372 /* Html */,
				C2FF06E9153318D700BD97EE /* Images */,
				C2FF06E115330D1200BD97EE /* Models */,
				C2FF06E215330D1200BD97EE /* Views */,
				C2FF06C91532F0F800BD97EE /* AppDelegate.h */,
				C2FF06CA1532F0F800BD97EE /* AppDelegate.m */,
				C2B66CF41535CE1D006D5E88 /* Features.plist */,
				C2FF06C11532F0F800BD97EE /* Supporting Files */,
			);
			path = Haima;
			sourceTree = "<group>";
		};
		C2FF06C11532F0F800BD97EE /* Supporting Files */ = {
			isa = PBXGroup;
			children = (
				C2FF06C21532F0F800BD97EE /* Haima-Info.plist */,
				C2FF06C31532F0F800BD97EE /* InfoPlist.strings */,
				C2FF06C61532F0F800BD97EE /* main.m */,
				C2FF06C81532F0F800BD97EE /* Haima-Prefix.pch */,
			);
			name = "Supporting Files";
			sourceTree = "<group>";
		};
		C2FF06DF15330D1200BD97EE /* Classes */ = {
			isa = PBXGroup;
			children = (
				C2FF06FC1533221D00BD97EE /* Constants.h */,
				C2B66CF61535D6F2006D5E88 /* SynthesizeSingleton.h */,
				C2B66CF71535D7B1006D5E88 /* DataController.h */,
				C2B66CF81535D7B1006D5E88 /* DataController.m */,
				C2B66D031535DED1006D5E88 /* DataUtil.h */,
				C2B66D041535DED1006D5E88 /* DataUtil.m */,
			);
			path = Classes;
			sourceTree = "<group>";
		};
		C2FF06E015330D1200BD97EE /* Controllers */ = {
			isa = PBXGroup;
			children = (
				C27D994E1535181D006305E0 /* BackgroundViewController.h */,
				C27D994F1535181D006305E0 /* BackgroundViewController.m */,
				C2FF06E61533150700BD97EE /* CustomTabBarViewController.h */,
				C2FF06E71533150700BD97EE /* CustomTabBarViewController.m */,
				C276DAAA1533E154003E9CDC /* MenuBarViewController.h */,
				C276DAAB1533E154003E9CDC /* MenuBarViewController.m */,
				C2F7EC3E1533B40200926313 /* IntroductionViewController.h */,
				C2F7EC3F1533B40200926313 /* IntroductionViewController.m */,
				C2F7EC421533B53D00926313 /* ChampionViewController.h */,
				C2F7EC431533B53D00926313 /* ChampionViewController.m */,
				C2885169153571A80010D936 /* BrandHistoryViewController.h */,
				C288516A153571A80010D936 /* BrandHistoryViewController.m */,
				C288516E1535740B0010D936 /* UserGroupViewController.h */,
				C288516F1535740B0010D936 /* UserGroupViewController.m */,
				C28851711535743F0010D936 /* ProductAdvantageViewController.h */,
				C2885172153574400010D936 /* ProductAdvantageViewController.m */,
				C274365615373AC8002B1372 /* CalculatorViewController.h */,
				C274365715373AC8002B1372 /* CalculatorViewController.m */,
				C274365915373E0F002B1372 /* MaintenanceViewController.h */,
				C274365A15373E0F002B1372 /* MaintenanceViewController.m */,
				C29E972A1537DB38007BDDDB /* ChampionRoadViewController.h */,
				C29E972B1537DB38007BDDDB /* ChampionRoadViewController.m */,
				C29E972D1537DC92007BDDDB /* StarDriverViewController.h */,
				C29E972E1537DC92007BDDDB /* StarDriverViewController.m */,
			);
			path = Controllers;
			sourceTree = "<group>";
		};
		C2FF06E115330D1200BD97EE /* Models */ = {
			isa = PBXGroup;
			children = (
				C2B66CFA1535D8BC006D5E88 /* ProductFeature.h */,
				C2B66CFB1535D8BC006D5E88 /* ProductFeature.m */,
				C2B66CFD1535DD33006D5E88 /* ProductFeatureCategory.h */,
				C2B66CFE1535DD33006D5E88 /* ProductFeatureCategory.m */,
				C2B66D001535DD5B006D5E88 /* ProductFeatureItem.h */,
				C2B66D011535DD5B006D5E88 /* ProductFeatureItem.m */,
			);
			path = Models;
			sourceTree = "<group>";
		};
		C2FF06E215330D1200BD97EE /* Views */ = {
			isa = PBXGroup;
			children = (
				C2FF06E315330D3B00BD97EE /* CustomTabBar.h */,
				C2FF06E415330D3B00BD97EE /* CustomTabBar.m */,
				C276DAA61533DD49003E9CDC /* MenuBar.h */,
				C276DAA71533DD49003E9CDC /* MenuBar.m */,
				C2B66CF01535CCF6006D5E88 /* TreeMenu.h */,
				C2B66CF11535CCF6006D5E88 /* TreeMenu.m */,
			);
			path = Views;
			sourceTree = "<group>";
		};
		C2FF06E9153318D700BD97EE /* Images */ = {
			isa = PBXGroup;
			children = (
				C2885174153576F10010D936 /* page */,
				C2885144153569DF0010D936 /* bg.jpg */,
				C288516C1535732D0010D936 /* bg-brand-history.png */,
				C288514715356A1F0010D936 /* menu-bar-item-bg.png */,
				C288514815356A1F0010D936 /* tab-icon-calculator-selected.png */,
				C288514915356A1F0010D936 /* tab-icon-calculator.png */,
				C288514A15356A1F0010D936 /* tab-icon-champion-selected.png */,
				C288514B15356A1F0010D936 /* tab-icon-champion.png */,
				C288514C15356A1F0010D936 /* tab-icon-custom-selected.png */,
				C288514D15356A1F0010D936 /* tab-icon-custom.png */,
				C288514E15356A1F0010D936 /* tab-icon-experience-selected.png */,
				C288514F15356A1F0010D936 /* tab-icon-experience.png */,
				C288515015356A1F0010D936 /* tab-icon-intro-selected.png */,
				C288515115356A1F0010D936 /* tab-icon-intro.png */,
				C288515215356A1F0010D936 /* tab-icon-maintain-selected.png */,
				C288515315356A1F0010D936 /* tab-icon-maintain.png */,
				C288515415356A1F0010D936 /* tab-icon-pk-selected.png */,
				C288515515356A1F0010D936 /* tab-icon-pk.png */,
				C288515615356A1F0010D936 /* tab-icon-promo-selected.png */,
				C288515715356A1F0010D936 /* tab-icon-promo.png */,
			);
			path = Images;
			sourceTree = "<group>";
		};
/* End PBXGroup section */

/* Begin PBXNativeTarget section */
		C2FF06B51532F0F800BD97EE /* Haima */ = {
			isa = PBXNativeTarget;
			buildConfigurationList = C2FF06CE1532F0F800BD97EE /* Build configuration list for PBXNativeTarget "Haima" */;
			buildPhases = (
				C2FF06B21532F0F800BD97EE /* Sources */,
				C2FF06B31532F0F800BD97EE /* Frameworks */,
				C2FF06B41532F0F800BD97EE /* Resources */,
			);
			buildRules = (
			);
			dependencies = (
			);
			name = Haima;
			productName = Haima;
			productReference = C2FF06B61532F0F800BD97EE /* Haima.app */;
			productType = "com.apple.product-type.application";
		};
/* End PBXNativeTarget section */

/* Begin PBXProject section */
		C2FF06AD1532F0F800BD97EE /* Project object */ = {
			isa = PBXProject;
			attributes = {
				LastUpgradeCheck = 0420;
			};
			buildConfigurationList = C2FF06B01532F0F800BD97EE /* Build configuration list for PBXProject "Haima" */;
			compatibilityVersion = "Xcode 3.2";
			developmentRegion = English;
			hasScannedForEncodings = 0;
			knownRegions = (
				en,
			);
			mainGroup = C2FF06AB1532F0F800BD97EE;
			productRefGroup = C2FF06B71532F0F800BD97EE /* Products */;
			projectDirPath = "";
			projectRoot = "";
			targets = (
				C2FF06B51532F0F800BD97EE /* Haima */,
			);
		};
/* End PBXProject section */

/* Begin PBXResourcesBuildPhase section */
		C2FF06B41532F0F800BD97EE /* Resources */ = {
			isa = PBXResourcesBuildPhase;
			buildActionMask = 2147483647;
			files = (
				C2FF06C51532F0F800BD97EE /* InfoPlist.strings in Resources */,
				C2885145153569DF0010D936 /* bg.jpg in Resources */,
				C288515815356A1F0010D936 /* menu-bar-item-bg.png in Resources */,
				C288515915356A1F0010D936 /* tab-icon-calculator-selected.png in Resources */,
				C288515A15356A1F0010D936 /* tab-icon-calculator.png in Resources */,
				C288515B15356A1F0010D936 /* tab-icon-champion-selected.png in Resources */,
				C288515C15356A1F0010D936 /* tab-icon-champion.png in Resources */,
				C288515D15356A1F0010D936 /* tab-icon-custom-selected.png in Resources */,
				C288515E15356A1F0010D936 /* tab-icon-custom.png in Resources */,
				C288515F15356A1F0010D936 /* tab-icon-experience-selected.png in Resources */,
				C288516015356A1F0010D936 /* tab-icon-experience.png in Resources */,
				C288516115356A1F0010D936 /* tab-icon-intro-selected.png in Resources */,
				C288516215356A1F0010D936 /* tab-icon-intro.png in Resources */,
				C288516315356A1F0010D936 /* tab-icon-maintain-selected.png in Resources */,
				C288516415356A1F0010D936 /* tab-icon-maintain.png in Resources */,
				C288516515356A1F0010D936 /* tab-icon-pk-selected.png in Resources */,
				C288516615356A1F0010D936 /* tab-icon-pk.png in Resources */,
				C288516715356A1F0010D936 /* tab-icon-promo-selected.png in Resources */,
				C288516815356A1F0010D936 /* tab-icon-promo.png in Resources */,
				C288516D1535732D0010D936 /* bg-brand-history.png in Resources */,
				C288517A153576F10010D936 /* product-navigate-bg.png in Resources */,
				C288517B153576F10010D936 /* product-navigate-button-control.png in Resources */,
				C288517C153576F10010D936 /* product-navigate-button-manifest.png in Resources */,
				C288517D153576F10010D936 /* product-navigate-button-quality.png in Resources */,
				C288517E153576F10010D936 /* product-navigate-button-safety.png in Resources */,
				C2B66CF51535CE1D006D5E88 /* Features.plist in Resources */,
				C27F58761536CAAB00DC14C7 /* category-button-arrow-down.png in Resources */,
				C27F58771536CAAB00DC14C7 /* category-button-arrow-right.png in Resources */,
				C27F58781536CAAB00DC14C7 /* category-button-bg.png in Resources */,
				C27F58791536CAAB00DC14C7 /* category-tree-bg.png in Resources */,
				C27F587A1536CAAB00DC14C7 /* category-tree-fork.png in Resources */,
				C27F587B1536CAAB00DC14C7 /* close-button.png in Resources */,
				C27F587C1536CAAB00DC14C7 /* detail-panel.png in Resources */,
				C27F587D1536CAAB00DC14C7 /* return-button.png in Resources */,
				C27F58A81536E9B700DC14C7 /* close-cross-button.png in Resources */,
				C274363815371B06002B1372 /* gongwuyuan-INFO.png in Resources */,
				C274364015371BC5002B1372 /* bailing-INFO.png in Resources */,
				C274364115371BC5002B1372 /* bailing.png in Resources */,
				C274364215371BC5002B1372 /* chuangyezhe-INFO.png in Resources */,
				C274364315371BC5002B1372 /* chuangyezhe.png in Resources */,
				C274364415371BC5002B1372 /* gongwuyuan.png in Resources */,
				C274364515371BC5002B1372 /* jiaoshi-INFO.png in Resources */,
				C274364615371BC5002B1372 /* jiaoshi.png in Resources */,
				C274364915372244002B1372 /* feature-detail-frame-close.png in Resources */,
				C274364A15372244002B1372 /* feature-detail-frame.png in Resources */,
				C274365115373A08002B1372 /* calculator.html in Resources */,
				C274365215373A08002B1372 /* config.html in Resources */,
				C274365315373A08002B1372 /* jquery-1.6.4.min.jss in Resources */,
				C274365415373A08002B1372 /* script.jss in Resources */,
				C274365515373A08002B1372 /* style.css in Resources */,
				C29E97291537DAFB007BDDDB /* champion-road.png in Resources */,
				C29E97351537DF57007BDDDB /* star-driver-1.png in Resources */,
				C29E97361537DF57007BDDDB /* star-driver-2.png in Resources */,
				C29E97371537DF57007BDDDB /* star-driver-3.png in Resources */,
				C29E97381537DF57007BDDDB /* star-driver-4.png in Resources */,
				C29E97391537DF57007BDDDB /* star-driver-bg.png in Resources */,
				C29E973B153809F0007BDDDB /* price-table-bg.png in Resources */,
				C29E973D15380C7C007BDDDB /* price-table-content.png in Resources */,
			);
			runOnlyForDeploymentPostprocessing = 0;
		};
/* End PBXResourcesBuildPhase section */

/* Begin PBXSourcesBuildPhase section */
		C2FF06B21532F0F800BD97EE /* Sources */ = {
			isa = PBXSourcesBuildPhase;
			buildActionMask = 2147483647;
			files = (
				C2FF06C71532F0F800BD97EE /* main.m in Sources */,
				C2FF06CB1532F0F800BD97EE /* AppDelegate.m in Sources */,
				C2FF06E515330D3B00BD97EE /* CustomTabBar.m in Sources */,
				C2FF06E81533150700BD97EE /* CustomTabBarViewController.m in Sources */,
				C2F7EC401533B40200926313 /* IntroductionViewController.m in Sources */,
				C2F7EC441533B53D00926313 /* ChampionViewController.m in Sources */,
				C276DAA81533DD49003E9CDC /* MenuBar.m in Sources */,
				C276DAAC1533E154003E9CDC /* MenuBarViewController.m in Sources */,
				C27D99501535181D006305E0 /* BackgroundViewController.m in Sources */,
				C288516B153571A80010D936 /* BrandHistoryViewController.m in Sources */,
				C28851701535740B0010D936 /* UserGroupViewController.m in Sources */,
				C2885173153574400010D936 /* ProductAdvantageViewController.m in Sources */,
				C2B66CF21535CCF6006D5E88 /* TreeMenu.m in Sources */,
				C2B66CF91535D7B1006D5E88 /* DataController.m in Sources */,
				C2B66CFC1535D8BC006D5E88 /* ProductFeature.m in Sources */,
				C2B66CFF1535DD33006D5E88 /* ProductFeatureCategory.m in Sources */,
				C2B66D021535DD5B006D5E88 /* ProductFeatureItem.m in Sources */,
				C2B66D051535DED1006D5E88 /* DataUtil.m in Sources */,
				C274365815373AC8002B1372 /* CalculatorViewController.m in Sources */,
				C274365B15373E0F002B1372 /* MaintenanceViewController.m in Sources */,
				C29E972C1537DB38007BDDDB /* ChampionRoadViewController.m in Sources */,
				C29E972F1537DC92007BDDDB /* StarDriverViewController.m in Sources */,
			);
			runOnlyForDeploymentPostprocessing = 0;
		};
/* End PBXSourcesBuildPhase section */

/* Begin PBXVariantGroup section */
		C2FF06C31532F0F800BD97EE /* InfoPlist.strings */ = {
			isa = PBXVariantGroup;
			children = (
				C2FF06C41532F0F800BD97EE /* en */,
			);
			name = InfoPlist.strings;
			sourceTree = "<group>";
		};
/* End PBXVariantGroup section */

/* Begin XCBuildConfiguration section */
		C2FF06CC1532F0F800BD97EE /* Debug */ = {
			isa = XCBuildConfiguration;
			buildSettings = {
				ALWAYS_SEARCH_USER_PATHS = NO;
				ARCHS = "$(ARCHS_STANDARD_32_BIT)";
				"CODE_SIGN_IDENTITY[sdk=iphoneos*]" = "iPhone Developer";
				COPY_PHASE_STRIP = NO;
				GCC_C_LANGUAGE_STANDARD = gnu99;
				GCC_DYNAMIC_NO_PIC = NO;
				GCC_OPTIMIZATION_LEVEL = 0;
				GCC_PREPROCESSOR_DEFINITIONS = (
					"DEBUG=1",
					"$(inherited)",
				);
				GCC_SYMBOLS_PRIVATE_EXTERN = NO;
				GCC_VERSION = com.apple.compilers.llvm.clang.1_0;
				GCC_WARN_ABOUT_MISSING_PROTOTYPES = YES;
				GCC_WARN_ABOUT_RETURN_TYPE = YES;
				GCC_WARN_UNUSED_VARIABLE = YES;
				IPHONEOS_DEPLOYMENT_TARGET = 5.0;
				SDKROOT = iphoneos;
				TARGETED_DEVICE_FAMILY = 2;
			};
			name = Debug;
		};
		C2FF06CD1532F0F800BD97EE /* Release */ = {
			isa = XCBuildConfiguration;
			buildSettings = {
				ALWAYS_SEARCH_USER_PATHS = NO;
				ARCHS = "$(ARCHS_STANDARD_32_BIT)";
				"CODE_SIGN_IDENTITY[sdk=iphoneos*]" = "iPhone Developer";
				COPY_PHASE_STRIP = YES;
				GCC_C_LANGUAGE_STANDARD = gnu99;
				GCC_VERSION = com.apple.compilers.llvm.clang.1_0;
				GCC_WARN_ABOUT_MISSING_PROTOTYPES = YES;
				GCC_WARN_ABOUT_RETURN_TYPE = YES;
				GCC_WARN_UNUSED_VARIABLE = YES;
				IPHONEOS_DEPLOYMENT_TARGET = 5.0;
				OTHER_CFLAGS = "-DNS_BLOCK_ASSERTIONS=1";
				SDKROOT = iphoneos;
				TARGETED_DEVICE_FAMILY = 2;
				VALIDATE_PRODUCT = YES;
			};
			name = Release;
		};
		C2FF06CF1532F0F800BD97EE /* Debug */ = {
			isa = XCBuildConfiguration;
			buildSettings = {
				GCC_PRECOMPILE_PREFIX_HEADER = YES;
				GCC_PREFIX_HEADER = "Haima/Haima-Prefix.pch";
				INFOPLIST_FILE = "Haima/Haima-Info.plist";
				IPHONEOS_DEPLOYMENT_TARGET = 4.3;
				PRODUCT_NAME = "$(TARGET_NAME)";
				WRAPPER_EXTENSION = app;
			};
			name = Debug;
		};
		C2FF06D01532F0F800BD97EE /* Release */ = {
			isa = XCBuildConfiguration;
			buildSettings = {
				GCC_PRECOMPILE_PREFIX_HEADER = YES;
				GCC_PREFIX_HEADER = "Haima/Haima-Prefix.pch";
				INFOPLIST_FILE = "Haima/Haima-Info.plist";
				IPHONEOS_DEPLOYMENT_TARGET = 4.3;
				PRODUCT_NAME = "$(TARGET_NAME)";
				WRAPPER_EXTENSION = app;
			};
			name = Release;
		};
/* End XCBuildConfiguration section */

/* Begin XCConfigurationList section */
		C2FF06B01532F0F800BD97EE /* Build configuration list for PBXProject "Haima" */ = {
			isa = XCConfigurationList;
			buildConfigurations = (
				C2FF06CC1532F0F800BD97EE /* Debug */,
				C2FF06CD1532F0F800BD97EE /* Release */,
			);
			defaultConfigurationIsVisible = 0;
			defaultConfigurationName = Release;
		};
		C2FF06CE1532F0F800BD97EE /* Build configuration list for PBXNativeTarget "Haima" */ = {
			isa = XCConfigurationList;
			buildConfigurations = (
				C2FF06CF1532F0F800BD97EE /* Debug */,
				C2FF06D01532F0F800BD97EE /* Release */,
			);
			defaultConfigurationIsVisible = 0;
			defaultConfigurationName = Release;
		};
/* End XCConfigurationList section */
	};
	rootObject = C2FF06AD1532F0F800BD97EE /* Project object */;
}
